
Microsoft Visual Studio Solution File, Format Version 11.00
# Visual Studio 2010
Project("{FAE04EC0-301F-11D3-BF4B-00C04F79EFBC}") = "Assembly-CSharp", "Assembly-CSharp.csproj", "{11727462-50EA-A3B8-AFFA-B9AB6D71844A}"
EndProject
Project("{FAE04EC0-301F-11D3-BF4B-00C04F79EFBC}") = "Assembly-CSharp-firstpass", "Assembly-CSharp-firstpass.csproj", "{99EAE5A4-ED15-E1F8-0302-DAB62B4EF36F}"
EndProject
Project("{FAE04EC0-301F-11D3-BF4B-00C04F79EFBC}") = "Assembly-CSharp-Editor-firstpass", "Assembly-CSharp-Editor-firstpass.csproj", "{04106EC5-36B9-EB44-ACA2-A95684F037FE}"
EndProject
Global
	GlobalSection(SolutionConfigurationPlatforms) = preSolution
		Debug|Any CPU = Debug|Any CPU
		Release|Any CPU = Release|Any CPU
	EndGlobalSection
	GlobalSection(ProjectConfigurationPlatforms) = postSolution
		{11727462-50EA-A3B8-AFFA-B9AB6D71844A}.Debug|Any CPU.ActiveCfg = Debug|Any CPU
		{11727462-50EA-A3B8-AFFA-B9AB6D71844A}.Debug|Any CPU.Build.0 = Debug|Any CPU
		{11727462-50EA-A3B8-AFFA-B9AB6D71844A}.Release|Any CPU.ActiveCfg = Release|Any CPU
		{11727462-50EA-A3B8-AFFA-B9AB6D71844A}.Release|Any CPU.Build.0 = Release|Any CPU
		{99EAE5A4-ED15-E1F8-0302-DAB62B4EF36F}.Debug|Any CPU.ActiveCfg = Debug|Any CPU
		{99EAE5A4-ED15-E1F8-0302-DAB62B4EF36F}.Debug|Any CPU.Build.0 = Debug|Any CPU
		{99EAE5A4-ED15-E1F8-0302-DAB62B4EF36F}.Release|Any CPU.ActiveCfg = Release|Any CPU
		{99EAE5A4-ED15-E1F8-0302-DAB62B4EF36F}.Release|Any CPU.Build.0 = Release|Any CPU
		{04106EC5-36B9-EB44-ACA2-A95684F037FE}.Debug|Any CPU.ActiveCfg = Debug|Any CPU
		{04106EC5-36B9-EB44-ACA2-A95684F037FE}.Debug|Any CPU.Build.0 = Debug|Any CPU
		{04106EC5-36B9-EB44-ACA2-A95684F037FE}.Release|Any CPU.ActiveCfg = Release|Any CPU
		{04106EC5-36B9-EB44-ACA2-A95684F037FE}.Release|Any CPU.Build.0 = Release|Any CPU
	EndGlobalSection
	GlobalSection(SolutionProperties) = preSolution
		HideSolutionNode = FALSE
	EndGlobalSection
	GlobalSection(MonoDevelopProperties) = preSolution
		StartupItem = Assembly-CSharp.csproj
	EndGlobalSection
EndGlobal
